PODS:
  - VISPER-CommandBus (4.0.0)

DEPENDENCIES:
  - VISPER-CommandBus (from `../`)

EXTERNAL SOURCES:
  VISPER-CommandBus:
    :path: "../"

SPEC CHECKSUMS:
  VISPER-CommandBus: 34333737c9fa6054ab00c5965327736f74c808bf

PODFILE CHECKSUM: eac9ed1d552e600720d0189a7fab8cbb7eacab06

COCOAPODS: 1.7.1
