PODS:
  - VISPER-CommandBus (4.0.0)

DEPENDENCIES:
  - VISPER-CommandBus (from `../`)

EXTERNAL SOURCES:
  VISPER-CommandBus:
    :path: "../"

SPEC CHECKSUMS:
  VISPER-CommandBus: 95d66ac3d56edad844664803c9d3d9e70d54e038

PODFILE CHECKSUM: 48f4c2109b85be76c7118a6bb6a25c154bb05ecc

COCOAPODS: 1.13.0
